// !$*UTF8*$!
{
	archiveVersion = 1;
	classes = {
	};
	objectVersion = 56;
	objects = {

/* Begin PBXBuildFile section */
		AD065FC72A6028A200902A32 /* Cloud.swift in Sources */ = {isa = PBXBuildFile; fileRef = AD065FC62A6028A200902A32 /* Cloud.swift */; };
		AD2874182A6AE53200CC1A3A /* GreenPowerUp.swift in Sources */ = {isa = PBXBuildFile; fileRef = AD2874172A6AE53200CC1A3A /* GreenPowerUp.swift */; };
		AD28741A2A6AE59500CC1A3A /* BluePowerUp.swift in Sources */ = {isa = PBXBuildFile; fileRef = AD2874192A6AE59500CC1A3A /* BluePowerUp.swift */; };
		AD2874202A6BD4A900CC1A3A /* YellowAmmo.atlas in Resources */ = {isa = PBXBuildFile; fileRef = AD28741F2A6BD4A900CC1A3A /* YellowAmmo.atlas */; };
		AD2874222A6C407B00CC1A3A /* Shot.swift in Sources */ = {isa = PBXBuildFile; fileRef = AD2874212A6C407B00CC1A3A /* Shot.swift */; };
		AD2874252A6C443200CC1A3A /* YellowShot.swift in Sources */ = {isa = PBXBuildFile; fileRef = AD2874242A6C443200CC1A3A /* YellowShot.swift */; };
		AD2874282A6C504C00CC1A3A /* Assets.swift in Sources */ = {isa = PBXBuildFile; fileRef = AD2874272A6C504C00CC1A3A /* Assets.swift */; };
		AD28742A2A6D1A8D00CC1A3A /* MenuScene.swift in Sources */ = {isa = PBXBuildFile; fileRef = AD2874292A6D1A8D00CC1A3A /* MenuScene.swift */; };
		AD28742C2A6D7DD000CC1A3A /* BitMaskCategory.swift in Sources */ = {isa = PBXBuildFile; fileRef = AD28742B2A6D7DD000CC1A3A /* BitMaskCategory.swift */; };
		AD2874302A6E9D3100CC1A3A /* HUD.swift in Sources */ = {isa = PBXBuildFile; fileRef = AD28742F2A6E9D3100CC1A3A /* HUD.swift */; };
		AD2874362A6EBE1200CC1A3A /* ButtonNode.swift in Sources */ = {isa = PBXBuildFile; fileRef = AD2874352A6EBE1200CC1A3A /* ButtonNode.swift */; };
		AD2874382A6FDD6100CC1A3A /* PauseScene.swift in Sources */ = {isa = PBXBuildFile; fileRef = AD2874372A6FDD6100CC1A3A /* PauseScene.swift */; };
		AD28743A2A6FFFD000CC1A3A /* SceneManager.swift in Sources */ = {isa = PBXBuildFile; fileRef = AD2874392A6FFFD000CC1A3A /* SceneManager.swift */; };
		AD5620372A6913A200D76ED5 /* Enemy_1.atlas in Resources */ = {isa = PBXBuildFile; fileRef = AD5620362A6913A200D76ED5 /* Enemy_1.atlas */; };
		AD5620392A6913B400D76ED5 /* Enemy.swift in Sources */ = {isa = PBXBuildFile; fileRef = AD5620382A6913B400D76ED5 /* Enemy.swift */; };
		AD6E49E22A5F0654004A7EE1 /* Island.swift in Sources */ = {isa = PBXBuildFile; fileRef = AD6E49E12A5F0654004A7EE1 /* Island.swift */; };
		AD7D12B82A6479DF002B4055 /* GameBackgroundSpriteable.swift in Sources */ = {isa = PBXBuildFile; fileRef = AD7D12B72A6479DF002B4055 /* GameBackgroundSpriteable.swift */; };
		AD7D12BA2A67E85D002B4055 /* GreenPowerUp.atlas in Resources */ = {isa = PBXBuildFile; fileRef = AD7D12B92A67E85C002B4055 /* GreenPowerUp.atlas */; };
		AD7D12BC2A67F97C002B4055 /* PowerUp.swift in Sources */ = {isa = PBXBuildFile; fileRef = AD7D12BB2A67F97C002B4055 /* PowerUp.swift */; };
		AD958E202A5C1F9400EFBA65 /* AppDelegate.swift in Sources */ = {isa = PBXBuildFile; fileRef = AD958E1F2A5C1F9400EFBA65 /* AppDelegate.swift */; };
		AD958E262A5C1F9400EFBA65 /* GameScene.swift in Sources */ = {isa = PBXBuildFile; fileRef = AD958E252A5C1F9400EFBA65 /* GameScene.swift */; };
		AD958E282A5C1F9400EFBA65 /* GameViewController.swift in Sources */ = {isa = PBXBuildFile; fileRef = AD958E272A5C1F9400EFBA65 /* GameViewController.swift */; };
		AD958E2B2A5C1F9400EFBA65 /* Main.storyboard in Resources */ = {isa = PBXBuildFile; fileRef = AD958E292A5C1F9400EFBA65 /* Main.storyboard */; };
		AD958E2D2A5C1F9500EFBA65 /* Assets.xcassets in Resources */ = {isa = PBXBuildFile; fileRef = AD958E2C2A5C1F9500EFBA65 /* Assets.xcassets */; };
		AD958E302A5C1F9500EFBA65 /* LaunchScreen.storyboard in Resources */ = {isa = PBXBuildFile; fileRef = AD958E2E2A5C1F9500EFBA65 /* LaunchScreen.storyboard */; };
		AD958E372A5C44FA00EFBA65 /* Background.swift in Sources */ = {isa = PBXBuildFile; fileRef = AD958E362A5C44FA00EFBA65 /* Background.swift */; };
		ADCBEF672A6A65CE00373BD7 /* Enemy_2.atlas in Resources */ = {isa = PBXBuildFile; fileRef = ADCBEF662A6A65CE00373BD7 /* Enemy_2.atlas */; };
		ADCBEF692A6A81BA00373BD7 /* BluePowerUp.atlas in Resources */ = {isa = PBXBuildFile; fileRef = ADCBEF682A6A81BA00373BD7 /* BluePowerUp.atlas */; };
		ADEB2E882A613E0B002172BD /* PlayerPlane.atlas in Resources */ = {isa = PBXBuildFile; fileRef = ADEB2E872A613E0B002172BD /* PlayerPlane.atlas */; };
		ADEB2E8A2A614E73002172BD /* PlayerPlane.swift in Sources */ = {isa = PBXBuildFile; fileRef = ADEB2E892A614E73002172BD /* PlayerPlane.swift */; };
/* End PBXBuildFile section */

/* Begin PBXFileReference section */
		AD065FC62A6028A200902A32 /* Cloud.swift */ = {isa = PBXFileReference; lastKnownFileType = sourcecode.swift; path = Cloud.swift; sourceTree = "<group>"; };
		AD2874172A6AE53200CC1A3A /* GreenPowerUp.swift */ = {isa = PBXFileReference; lastKnownFileType = sourcecode.swift; path = GreenPowerUp.swift; sourceTree = "<group>"; };
		AD2874192A6AE59500CC1A3A /* BluePowerUp.swift */ = {isa = PBXFileReference; lastKnownFileType = sourcecode.swift; path = BluePowerUp.swift; sourceTree = "<group>"; };
		AD28741F2A6BD4A900CC1A3A /* YellowAmmo.atlas */ = {isa = PBXFileReference; lastKnownFileType = folder.skatlas; path = YellowAmmo.atlas; sourceTree = "<group>"; };
		AD2874212A6C407B00CC1A3A /* Shot.swift */ = {isa = PBXFileReference; lastKnownFileType = sourcecode.swift; path = Shot.swift; sourceTree = "<group>"; };
		AD2874242A6C443200CC1A3A /* YellowShot.swift */ = {isa = PBXFileReference; lastKnownFileType = sourcecode.swift; path = YellowShot.swift; sourceTree = "<group>"; };
		AD2874272A6C504C00CC1A3A /* Assets.swift */ = {isa = PBXFileReference; lastKnownFileType = sourcecode.swift; path = Assets.swift; sourceTree = "<group>"; };
		AD2874292A6D1A8D00CC1A3A /* MenuScene.swift */ = {isa = PBXFileReference; lastKnownFileType = sourcecode.swift; path = MenuScene.swift; sourceTree = "<group>"; };
		AD28742B2A6D7DD000CC1A3A /* BitMaskCategory.swift */ = {isa = PBXFileReference; lastKnownFileType = sourcecode.swift; path = BitMaskCategory.swift; sourceTree = "<group>"; };
		AD28742F2A6E9D3100CC1A3A /* HUD.swift */ = {isa = PBXFileReference; lastKnownFileType = sourcecode.swift; path = HUD.swift; sourceTree = "<group>"; };
		AD2874352A6EBE1200CC1A3A /* ButtonNode.swift */ = {isa = PBXFileReference; lastKnownFileType = sourcecode.swift; path = ButtonNode.swift; sourceTree = "<group>"; };
		AD2874372A6FDD6100CC1A3A /* PauseScene.swift */ = {isa = PBXFileReference; lastKnownFileType = sourcecode.swift; path = PauseScene.swift; sourceTree = "<group>"; };
		AD2874392A6FFFD000CC1A3A /* SceneManager.swift */ = {isa = PBXFileReference; lastKnownFileType = sourcecode.swift; path = SceneManager.swift; sourceTree = "<group>"; };
		AD5620362A6913A200D76ED5 /* Enemy_1.atlas */ = {isa = PBXFileReference; lastKnownFileType = folder.skatlas; path = Enemy_1.atlas; sourceTree = "<group>"; };
		AD5620382A6913B400D76ED5 /* Enemy.swift */ = {isa = PBXFileReference; lastKnownFileType = sourcecode.swift; path = Enemy.swift; sourceTree = "<group>"; };
		AD6E49E12A5F0654004A7EE1 /* Island.swift */ = {isa = PBXFileReference; lastKnownFileType = sourcecode.swift; path = Island.swift; sourceTree = "<group>"; };
		AD7D12B72A6479DF002B4055 /* GameBackgroundSpriteable.swift */ = {isa = PBXFileReference; lastKnownFileType = sourcecode.swift; path = GameBackgroundSpriteable.swift; sourceTree = "<group>"; };
		AD7D12B92A67E85C002B4055 /* GreenPowerUp.atlas */ = {isa = PBXFileReference; lastKnownFileType = folder.skatlas; path = GreenPowerUp.atlas; sourceTree = "<group>"; };
		AD7D12BB2A67F97C002B4055 /* PowerUp.swift */ = {isa = PBXFileReference; lastKnownFileType = sourcecode.swift; path = PowerUp.swift; sourceTree = "<group>"; };
		AD958E1C2A5C1F9400EFBA65 /* WarBee.app */ = {isa = PBXFileReference; explicitFileType = wrapper.application; includeInIndex = 0; path = WarBee.app; sourceTree = BUILT_PRODUCTS_DIR; };
		AD958E1F2A5C1F9400EFBA65 /* AppDelegate.swift */ = {isa = PBXFileReference; lastKnownFileType = sourcecode.swift; path = AppDelegate.swift; sourceTree = "<group>"; };
		AD958E252A5C1F9400EFBA65 /* GameScene.swift */ = {isa = PBXFileReference; lastKnownFileType = sourcecode.swift; path = GameScene.swift; sourceTree = "<group>"; };
		AD958E272A5C1F9400EFBA65 /* GameViewController.swift */ = {isa = PBXFileReference; lastKnownFileType = sourcecode.swift; path = GameViewController.swift; sourceTree = "<group>"; };
		AD958E2A2A5C1F9400EFBA65 /* Base */ = {isa = PBXFileReference; lastKnownFileType = file.storyboard; name = Base; path = Base.lproj/Main.storyboard; sourceTree = "<group>"; };
		AD958E2C2A5C1F9500EFBA65 /* Assets.xcassets */ = {isa = PBXFileReference; lastKnownFileType = folder.assetcatalog; path = Assets.xcassets; sourceTree = "<group>"; };
		AD958E2F2A5C1F9500EFBA65 /* Base */ = {isa = PBXFileReference; lastKnownFileType = file.storyboard; name = Base; path = Base.lproj/LaunchScreen.storyboard; sourceTree = "<group>"; };
		AD958E362A5C44FA00EFBA65 /* Background.swift */ = {isa = PBXFileReference; lastKnownFileType = sourcecode.swift; path = Background.swift; sourceTree = "<group>"; };
		ADCBEF662A6A65CE00373BD7 /* Enemy_2.atlas */ = {isa = PBXFileReference; lastKnownFileType = folder.skatlas; path = Enemy_2.atlas; sourceTree = "<group>"; };
		ADCBEF682A6A81BA00373BD7 /* BluePowerUp.atlas */ = {isa = PBXFileReference; lastKnownFileType = folder.skatlas; path = BluePowerUp.atlas; sourceTree = "<group>"; };
		ADEB2E872A613E0B002172BD /* PlayerPlane.atlas */ = {isa = PBXFileReference; lastKnownFileType = folder.skatlas; path = PlayerPlane.atlas; sourceTree = "<group>"; };
		ADEB2E892A614E73002172BD /* PlayerPlane.swift */ = {isa = PBXFileReference; lastKnownFileType = sourcecode.swift; path = PlayerPlane.swift; sourceTree = "<group>"; };
/* End PBXFileReference section */

/* Begin PBXFrameworksBuildPhase section */
		AD958E192A5C1F9400EFBA65 /* Frameworks */ = {
			isa = PBXFrameworksBuildPhase;
			buildActionMask = 2147483647;
			files = (
			);
			runOnlyForDeploymentPostprocessing = 0;
		};
/* End PBXFrameworksBuildPhase section */

/* Begin PBXGroup section */
		AD28741B2A6AE70D00CC1A3A /* PowerUp */ = {
			isa = PBXGroup;
			children = (
				AD7D12BB2A67F97C002B4055 /* PowerUp.swift */,
				AD2874172A6AE53200CC1A3A /* GreenPowerUp.swift */,
				AD2874192A6AE59500CC1A3A /* BluePowerUp.swift */,
			);
			path = PowerUp;
			sourceTree = "<group>";
		};
		AD28741C2A6AE73500CC1A3A /* Background */ = {
			isa = PBXGroup;
			children = (
				AD958E362A5C44FA00EFBA65 /* Background.swift */,
				AD6E49E12A5F0654004A7EE1 /* Island.swift */,
				AD065FC62A6028A200902A32 /* Cloud.swift */,
			);
			path = Background;
			sourceTree = "<group>";
		};
		AD28741D2A6AE7FD00CC1A3A /* Player */ = {
			isa = PBXGroup;
			children = (
				ADEB2E892A614E73002172BD /* PlayerPlane.swift */,
			);
			path = Player;
			sourceTree = "<group>";
		};
		AD28741E2A6AE80600CC1A3A /* Enemies */ = {
			isa = PBXGroup;
			children = (
				AD5620382A6913B400D76ED5 /* Enemy.swift */,
			);
			path = Enemies;
			sourceTree = "<group>";
		};
		AD2874232A6C441B00CC1A3A /* Shot */ = {
			isa = PBXGroup;
			children = (
				AD2874212A6C407B00CC1A3A /* Shot.swift */,
				AD2874242A6C443200CC1A3A /* YellowShot.swift */,
			);
			path = Shot;
			sourceTree = "<group>";
		};
		AD2874262A6C44EF00CC1A3A /* Atlases */ = {
			isa = PBXGroup;
			children = (
				AD5620362A6913A200D76ED5 /* Enemy_1.atlas */,
				ADCBEF662A6A65CE00373BD7 /* Enemy_2.atlas */,
				AD7D12B92A67E85C002B4055 /* GreenPowerUp.atlas */,
				ADCBEF682A6A81BA00373BD7 /* BluePowerUp.atlas */,
				ADEB2E872A613E0B002172BD /* PlayerPlane.atlas */,
				AD28741F2A6BD4A900CC1A3A /* YellowAmmo.atlas */,
			);
			path = Atlases;
			sourceTree = "<group>";
		};
		AD28742D2A6D7E1300CC1A3A /* Managers */ = {
			isa = PBXGroup;
			children = (
				AD2874272A6C504C00CC1A3A /* Assets.swift */,
				AD28742B2A6D7DD000CC1A3A /* BitMaskCategory.swift */,
				AD2874392A6FFFD000CC1A3A /* SceneManager.swift */,
			);
			path = Managers;
			sourceTree = "<group>";
		};
		AD28742E2A6D7E1F00CC1A3A /* ViewControllers */ = {
			isa = PBXGroup;
			children = (
				AD958E272A5C1F9400EFBA65 /* GameViewController.swift */,
			);
			path = ViewControllers;
			sourceTree = "<group>";
		};
		AD2874312A6E9E9600CC1A3A /* SupportingFiles */ = {
			isa = PBXGroup;
			children = (
				AD958E1F2A5C1F9400EFBA65 /* AppDelegate.swift */,
				AD958E292A5C1F9400EFBA65 /* Main.storyboard */,
				AD958E2E2A5C1F9500EFBA65 /* LaunchScreen.storyboard */,
				AD958E2C2A5C1F9500EFBA65 /* Assets.xcassets */,
			);
			path = SupportingFiles;
			sourceTree = "<group>";
		};
		AD2874322A6E9EF600CC1A3A /* Protocols + Extensions */ = {
			isa = PBXGroup;
			children = (
				AD7D12B72A6479DF002B4055 /* GameBackgroundSpriteable.swift */,
			);
			path = "Protocols + Extensions";
			sourceTree = "<group>";
		};
		AD2874332A6E9F3500CC1A3A /* Classes */ = {
			isa = PBXGroup;
			children = (
				AD28742F2A6E9D3100CC1A3A /* HUD.swift */,
				AD2874352A6EBE1200CC1A3A /* ButtonNode.swift */,
				AD28741D2A6AE7FD00CC1A3A /* Player */,
				AD28741E2A6AE80600CC1A3A /* Enemies */,
				AD28741B2A6AE70D00CC1A3A /* PowerUp */,
				AD28741C2A6AE73500CC1A3A /* Background */,
				AD2874232A6C441B00CC1A3A /* Shot */,
			);
			path = Classes;
			sourceTree = "<group>";
		};
		AD2874342A6E9FCA00CC1A3A /* Scenes */ = {
			isa = PBXGroup;
			children = (
				AD2874292A6D1A8D00CC1A3A /* MenuScene.swift */,
				AD958E252A5C1F9400EFBA65 /* GameScene.swift */,
				AD2874372A6FDD6100CC1A3A /* PauseScene.swift */,
			);
			path = Scenes;
			sourceTree = "<group>";
		};
		AD958E132A5C1F9400EFBA65 = {
			isa = PBXGroup;
			children = (
				AD958E1E2A5C1F9400EFBA65 /* WarBee */,
				AD958E1D2A5C1F9400EFBA65 /* Products */,
			);
			sourceTree = "<group>";
		};
		AD958E1D2A5C1F9400EFBA65 /* Products */ = {
			isa = PBXGroup;
			children = (
				AD958E1C2A5C1F9400EFBA65 /* WarBee.app */,
			);
			name = Products;
			sourceTree = "<group>";
		};
		AD958E1E2A5C1F9400EFBA65 /* WarBee */ = {
			isa = PBXGroup;
			children = (
				AD2874342A6E9FCA00CC1A3A /* Scenes */,
				AD2874332A6E9F3500CC1A3A /* Classes */,
				AD2874322A6E9EF600CC1A3A /* Protocols + Extensions */,
				AD28742D2A6D7E1300CC1A3A /* Managers */,
				AD28742E2A6D7E1F00CC1A3A /* ViewControllers */,
				AD2874312A6E9E9600CC1A3A /* SupportingFiles */,
				AD2874262A6C44EF00CC1A3A /* Atlases */,
			);
			path = WarBee;
			sourceTree = "<group>";
		};
/* End PBXGroup section */

/* Begin PBXNativeTarget section */
		AD958E1B2A5C1F9400EFBA65 /* WarBee */ = {
			isa = PBXNativeTarget;
			buildConfigurationList = AD958E332A5C1F9500EFBA65 /* Build configuration list for PBXNativeTarget "WarBee" */;
			buildPhases = (
				AD958E182A5C1F9400EFBA65 /* Sources */,
				AD958E192A5C1F9400EFBA65 /* Frameworks */,
				AD958E1A2A5C1F9400EFBA65 /* Resources */,
			);
			buildRules = (
			);
			dependencies = (
			);
			name = WarBee;
			productName = WarBee;
			productReference = AD958E1C2A5C1F9400EFBA65 /* WarBee.app */;
			productType = "com.apple.product-type.application";
		};
/* End PBXNativeTarget section */

/* Begin PBXProject section */
		AD958E142A5C1F9400EFBA65 /* Project object */ = {
			isa = PBXProject;
			attributes = {
				BuildIndependentTargetsInParallel = 1;
				LastSwiftUpdateCheck = 1430;
				LastUpgradeCheck = 1430;
				TargetAttributes = {
					AD958E1B2A5C1F9400EFBA65 = {
						CreatedOnToolsVersion = 14.3.1;
					};
				};
			};
			buildConfigurationList = AD958E172A5C1F9400EFBA65 /* Build configuration list for PBXProject "WarBee" */;
			compatibilityVersion = "Xcode 14.0";
			developmentRegion = en;
			hasScannedForEncodings = 0;
			knownRegions = (
				en,
				Base,
			);
			mainGroup = AD958E132A5C1F9400EFBA65;
			productRefGroup = AD958E1D2A5C1F9400EFBA65 /* Products */;
			projectDirPath = "";
			projectRoot = "";
			targets = (
				AD958E1B2A5C1F9400EFBA65 /* WarBee */,
			);
		};
/* End PBXProject section */

/* Begin PBXResourcesBuildPhase section */
		AD958E1A2A5C1F9400EFBA65 /* Resources */ = {
			isa = PBXResourcesBuildPhase;
			buildActionMask = 2147483647;
			files = (
				ADCBEF672A6A65CE00373BD7 /* Enemy_2.atlas in Resources */,
				AD5620372A6913A200D76ED5 /* Enemy_1.atlas in Resources */,
				AD958E2B2A5C1F9400EFBA65 /* Main.storyboard in Resources */,
				AD2874202A6BD4A900CC1A3A /* YellowAmmo.atlas in Resources */,
				AD7D12BA2A67E85D002B4055 /* GreenPowerUp.atlas in Resources */,
				ADEB2E882A613E0B002172BD /* PlayerPlane.atlas in Resources */,
				AD958E2D2A5C1F9500EFBA65 /* Assets.xcassets in Resources */,
				ADCBEF692A6A81BA00373BD7 /* BluePowerUp.atlas in Resources */,
				AD958E302A5C1F9500EFBA65 /* LaunchScreen.storyboard in Resources */,
			);
			runOnlyForDeploymentPostprocessing = 0;
		};
/* End PBXResourcesBuildPhase section */

/* Begin PBXSourcesBuildPhase section */
		AD958E182A5C1F9400EFBA65 /* Sources */ = {
			isa = PBXSourcesBuildPhase;
			buildActionMask = 2147483647;
			files = (
				AD958E262A5C1F9400EFBA65 /* GameScene.swift in Sources */,
				AD2874252A6C443200CC1A3A /* YellowShot.swift in Sources */,
				ADEB2E8A2A614E73002172BD /* PlayerPlane.swift in Sources */,
				AD065FC72A6028A200902A32 /* Cloud.swift in Sources */,
				AD958E282A5C1F9400EFBA65 /* GameViewController.swift in Sources */,
				AD2874182A6AE53200CC1A3A /* GreenPowerUp.swift in Sources */,
				AD958E202A5C1F9400EFBA65 /* AppDelegate.swift in Sources */,
				AD6E49E22A5F0654004A7EE1 /* Island.swift in Sources */,
				AD2874282A6C504C00CC1A3A /* Assets.swift in Sources */,
				AD5620392A6913B400D76ED5 /* Enemy.swift in Sources */,
				AD28743A2A6FFFD000CC1A3A /* SceneManager.swift in Sources */,
				AD7D12B82A6479DF002B4055 /* GameBackgroundSpriteable.swift in Sources */,
				AD7D12BC2A67F97C002B4055 /* PowerUp.swift in Sources */,
				AD28741A2A6AE59500CC1A3A /* BluePowerUp.swift in Sources */,
				AD28742C2A6D7DD000CC1A3A /* BitMaskCategory.swift in Sources */,
				AD28742A2A6D1A8D00CC1A3A /* MenuScene.swift in Sources */,
				AD2874382A6FDD6100CC1A3A /* PauseScene.swift in Sources */,
				AD2874302A6E9D3100CC1A3A /* HUD.swift in Sources */,
				AD2874222A6C407B00CC1A3A /* Shot.swift in Sources */,
				AD958E372A5C44FA00EFBA65 /* Background.swift in Sources */,
				AD2874362A6EBE1200CC1A3A /* ButtonNode.swift in Sources */,
			);
			runOnlyForDeploymentPostprocessing = 0;
		};
/* End PBXSourcesBuildPhase section */

/* Begin PBXVariantGroup section */
		AD958E292A5C1F9400EFBA65 /* Main.storyboard */ = {
			isa = PBXVariantGroup;
			children = (
				AD958E2A2A5C1F9400EFBA65 /* Base */,
			);
			name = Main.storyboard;
			sourceTree = "<group>";
		};
		AD958E2E2A5C1F9500EFBA65 /* LaunchScreen.storyboard */ = {
			isa = PBXVariantGroup;
			children = (
				AD958E2F2A5C1F9500EFBA65 /* Base */,
			);
			name = LaunchScreen.storyboard;
			sourceTree = "<group>";
		};
/* End PBXVariantGroup section */

/* Begin XCBuildConfiguration section */
		AD958E312A5C1F9500EFBA65 /* Debug */ = {
			isa = XCBuildConfiguration;
			buildSettings = {
				ALWAYS_SEARCH_USER_PATHS = NO;
				CLANG_ANALYZER_NONNULL = YES;
				CLANG_ANALYZER_NUMBER_OBJECT_CONVERSION = YES_AGGRESSIVE;
				CLANG_CXX_LANGUAGE_STANDARD = "gnu++20";
				CLANG_ENABLE_MODULES = YES;
				CLANG_ENABLE_OBJC_ARC = YES;
				CLANG_ENABLE_OBJC_WEAK = YES;
				CLANG_WARN_BLOCK_CAPTURE_AUTORELEASING = YES;
				CLANG_WARN_BOOL_CONVERSION = YES;
				CLANG_WARN_COMMA = YES;
				CLANG_WARN_CONSTANT_CONVERSION = YES;
				CLANG_WARN_DEPRECATED_OBJC_IMPLEMENTATIONS = YES;
				CLANG_WARN_DIRECT_OBJC_ISA_USAGE = YES_ERROR;
				CLANG_WARN_DOCUMENTATION_COMMENTS = YES;
				CLANG_WARN_EMPTY_BODY = YES;
				CLANG_WARN_ENUM_CONVERSION = YES;
				CLANG_WARN_INFINITE_RECURSION = YES;
				CLANG_WARN_INT_CONVERSION = YES;
				CLANG_WARN_NON_LITERAL_NULL_CONVERSION = YES;
				CLANG_WARN_OBJC_IMPLICIT_RETAIN_SELF = YES;
				CLANG_WARN_OBJC_LITERAL_CONVERSION = YES;
				CLANG_WARN_OBJC_ROOT_CLASS = YES_ERROR;
				CLANG_WARN_QUOTED_INCLUDE_IN_FRAMEWORK_HEADER = YES;
				CLANG_WARN_RANGE_LOOP_ANALYSIS = YES;
				CLANG_WARN_STRICT_PROTOTYPES = YES;
				CLANG_WARN_SUSPICIOUS_MOVE = YES;
				CLANG_WARN_UNGUARDED_AVAILABILITY = YES_AGGRESSIVE;
				CLANG_WARN_UNREACHABLE_CODE = YES;
				CLANG_WARN__DUPLICATE_METHOD_MATCH = YES;
				COPY_PHASE_STRIP = NO;
				DEBUG_INFORMATION_FORMAT = dwarf;
				ENABLE_STRICT_OBJC_MSGSEND = YES;
				ENABLE_TESTABILITY = YES;
				GCC_C_LANGUAGE_STANDARD = gnu11;
				GCC_DYNAMIC_NO_PIC = NO;
				GCC_NO_COMMON_BLOCKS = YES;
				GCC_OPTIMIZATION_LEVEL = 0;
				GCC_PREPROCESSOR_DEFINITIONS = (
					"DEBUG=1",
					"$(inherited)",
				);
				GCC_WARN_64_TO_32_BIT_CONVERSION = YES;
				GCC_WARN_ABOUT_RETURN_TYPE = YES_ERROR;
				GCC_WARN_UNDECLARED_SELECTOR = YES;
				GCC_WARN_UNINITIALIZED_AUTOS = YES_AGGRESSIVE;
				GCC_WARN_UNUSED_FUNCTION = YES;
				GCC_WARN_UNUSED_VARIABLE = YES;
				IPHONEOS_DEPLOYMENT_TARGET = 16.4;
				MTL_ENABLE_DEBUG_INFO = INCLUDE_SOURCE;
				MTL_FAST_MATH = YES;
				ONLY_ACTIVE_ARCH = YES;
				SDKROOT = iphoneos;
				SWIFT_ACTIVE_COMPILATION_CONDITIONS = DEBUG;
				SWIFT_OPTIMIZATION_LEVEL = "-Onone";
			};
			name = Debug;
		};
		AD958E322A5C1F9500EFBA65 /* Release */ = {
			isa = XCBuildConfiguration;
			buildSettings = {
				ALWAYS_SEARCH_USER_PATHS = NO;
				CLANG_ANALYZER_NONNULL = YES;
				CLANG_ANALYZER_NUMBER_OBJECT_CONVERSION = YES_AGGRESSIVE;
				CLANG_CXX_LANGUAGE_STANDARD = "gnu++20";
				CLANG_ENABLE_MODULES = YES;
				CLANG_ENABLE_OBJC_ARC = YES;
				CLANG_ENABLE_OBJC_WEAK = YES;
				CLANG_WARN_BLOCK_CAPTURE_AUTORELEASING = YES;
				CLANG_WARN_BOOL_CONVERSION = YES;
				CLANG_WARN_COMMA = YES;
				CLANG_WARN_CONSTANT_CONVERSION = YES;
				CLANG_WARN_DEPRECATED_OBJC_IMPLEMENTATIONS = YES;
				CLANG_WARN_DIRECT_OBJC_ISA_USAGE = YES_ERROR;
				CLANG_WARN_DOCUMENTATION_COMMENTS = YES;
				CLANG_WARN_EMPTY_BODY = YES;
				CLANG_WARN_ENUM_CONVERSION = YES;
				CLANG_WARN_INFINITE_RECURSION = YES;
				CLANG_WARN_INT_CONVERSION = YES;
				CLANG_WARN_NON_LITERAL_NULL_CONVERSION = YES;
				CLANG_WARN_OBJC_IMPLICIT_RETAIN_SELF = YES;
				CLANG_WARN_OBJC_LITERAL_CONVERSION = YES;
				CLANG_WARN_OBJC_ROOT_CLASS = YES_ERROR;
				CLANG_WARN_QUOTED_INCLUDE_IN_FRAMEWORK_HEADER = YES;
				CLANG_WARN_RANGE_LOOP_ANALYSIS = YES;
				CLANG_WARN_STRICT_PROTOTYPES = YES;
				CLANG_WARN_SUSPICIOUS_MOVE = YES;
				CLANG_WARN_UNGUARDED_AVAILABILITY = YES_AGGRESSIVE;
				CLANG_WARN_UNREACHABLE_CODE = YES;
				CLANG_WARN__DUPLICATE_METHOD_MATCH = YES;
				COPY_PHASE_STRIP = NO;
				DEBUG_INFORMATION_FORMAT = "dwarf-with-dsym";
				ENABLE_NS_ASSERTIONS = NO;
				ENABLE_STRICT_OBJC_MSGSEND = YES;
				GCC_C_LANGUAGE_STANDARD = gnu11;
				GCC_NO_COMMON_BLOCKS = YES;
				GCC_WARN_64_TO_32_BIT_CONVERSION = YES;
				GCC_WARN_ABOUT_RETURN_TYPE = YES_ERROR;
				GCC_WARN_UNDECLARED_SELECTOR = YES;
				GCC_WARN_UNINITIALIZED_AUTOS = YES_AGGRESSIVE;
				GCC_WARN_UNUSED_FUNCTION = YES;
				GCC_WARN_UNUSED_VARIABLE = YES;
				IPHONEOS_DEPLOYMENT_TARGET = 16.4;
				MTL_ENABLE_DEBUG_INFO = NO;
				MTL_FAST_MATH = YES;
				SDKROOT = iphoneos;
				SWIFT_COMPILATION_MODE = wholemodule;
				SWIFT_OPTIMIZATION_LEVEL = "-O";
				VALIDATE_PRODUCT = YES;
			};
			name = Release;
		};
		AD958E342A5C1F9500EFBA65 /* Debug */ = {
			isa = XCBuildConfiguration;
			buildSettings = {
				ASSETCATALOG_COMPILER_APPICON_NAME = AppIcon;
				ASSETCATALOG_COMPILER_GLOBAL_ACCENT_COLOR_NAME = AccentColor;
				CODE_SIGN_STYLE = Automatic;
				CURRENT_PROJECT_VERSION = 1;
				DEVELOPMENT_TEAM = CKY7SLNY4G;
				GENERATE_INFOPLIST_FILE = YES;
				INFOPLIST_KEY_LSApplicationCategoryType = "public.app-category.games";
				INFOPLIST_KEY_UIApplicationSupportsIndirectInputEvents = YES;
				INFOPLIST_KEY_UILaunchStoryboardName = LaunchScreen;
				INFOPLIST_KEY_UIMainStoryboardFile = Main;
				INFOPLIST_KEY_UIRequiresFullScreen = YES;
				INFOPLIST_KEY_UIStatusBarHidden = YES;
				INFOPLIST_KEY_UISupportedInterfaceOrientations = UIInterfaceOrientationPortrait;
				LD_RUNPATH_SEARCH_PATHS = (
					"$(inherited)",
					"@executable_path/Frameworks",
				);
				MARKETING_VERSION = 1.0;
				PRODUCT_BUNDLE_IDENTIFIER = lantsov.WarBee;
				PRODUCT_NAME = "$(TARGET_NAME)";
				SUPPORTED_PLATFORMS = "iphoneos iphonesimulator";
				SUPPORTS_MACCATALYST = NO;
				SUPPORTS_MAC_DESIGNED_FOR_IPHONE_IPAD = NO;
				SWIFT_EMIT_LOC_STRINGS = YES;
				SWIFT_VERSION = 5.0;
				TARGETED_DEVICE_FAMILY = "1,2";
			};
			name = Debug;
		};
		AD958E352A5C1F9500EFBA65 /* Release */ = {
			isa = XCBuildConfiguration;
			buildSettings = {
				ASSETCATALOG_COMPILER_APPICON_NAME = AppIcon;
				ASSETCATALOG_COMPILER_GLOBAL_ACCENT_COLOR_NAME = AccentColor;
				CODE_SIGN_STYLE = Automatic;
				CURRENT_PROJECT_VERSION = 1;
				DEVELOPMENT_TEAM = CKY7SLNY4G;
				GENERATE_INFOPLIST_FILE = YES;
				INFOPLIST_KEY_LSApplicationCategoryType = "public.app-category.games";
				INFOPLIST_KEY_UIApplicationSupportsIndirectInputEvents = YES;
				INFOPLIST_KEY_UILaunchStoryboardName = LaunchScreen;
				INFOPLIST_KEY_UIMainStoryboardFile = Main;
				INFOPLIST_KEY_UIRequiresFullScreen = YES;
				INFOPLIST_KEY_UIStatusBarHidden = YES;
				INFOPLIST_KEY_UISupportedInterfaceOrientations = UIInterfaceOrientationPortrait;
				LD_RUNPATH_SEARCH_PATHS = (
					"$(inherited)",
					"@executable_path/Frameworks",
				);
				MARKETING_VERSION = 1.0;
				PRODUCT_BUNDLE_IDENTIFIER = lantsov.WarBee;
				PRODUCT_NAME = "$(TARGET_NAME)";
				SUPPORTED_PLATFORMS = "iphoneos iphonesimulator";
				SUPPORTS_MACCATALYST = NO;
				SUPPORTS_MAC_DESIGNED_FOR_IPHONE_IPAD = NO;
				SWIFT_EMIT_LOC_STRINGS = YES;
				SWIFT_VERSION = 5.0;
				TARGETED_DEVICE_FAMILY = "1,2";
			};
			name = Release;
		};
/* End XCBuildConfiguration section */

/* Begin XCConfigurationList section */
		AD958E172A5C1F9400EFBA65 /* Build configuration list for PBXProject "WarBee" */ = {
			isa = XCConfigurationList;
			buildConfigurations = (
				AD958E312A5C1F9500EFBA65 /* Debug */,
				AD958E322A5C1F9500EFBA65 /* Release */,
			);
			defaultConfigurationIsVisible = 0;
			defaultConfigurationName = Release;
		};
		AD958E332A5C1F9500EFBA65 /* Build configuration list for PBXNativeTarget "WarBee" */ = {
			isa = XCConfigurationList;
			buildConfigurations = (
				AD958E342A5C1F9500EFBA65 /* Debug */,
				AD958E352A5C1F9500EFBA65 /* Release */,
			);
			defaultConfigurationIsVisible = 0;
			defaultConfigurationName = Release;
		};
/* End XCConfigurationList section */
	};
	rootObject = AD958E142A5C1F9400EFBA65 /* Project object */;
}
